
Microsoft Visual Studio Solution File, Format Version 12.00
# Visual Studio 14
VisualStudioVersion = 14.0.25420.1
MinimumVisualStudioVersion = 10.0.40219.1
Project("{2150E333-8FDC-42A3-9474-1A3956D46DE8}") = "src", "src", "{C5C7EC1A-3129-4B65-9F06-0688F8AF50F4}"
EndProject
Project("{2150E333-8FDC-42A3-9474-1A3956D46DE8}") = "Solution Items", "Solution Items", "{0C8996DB-758B-4590-84F7-A67BBFAAFDE6}"
	ProjectSection(SolutionItems) = preProject
		global.json = global.json
	EndProjectSection
EndProject
Project("{8BB2217D-0F2D-49D1-97BC-3654ED321F3B}") = "Jaxis-Break-It", "src\Jaxis-Break-It\Jaxis-Break-It.xproj", "{D39F0E80-B6CE-4CA4-8A46-7AA606C6C7D5}"
EndProject
Global
	GlobalSection(SolutionConfigurationPlatforms) = preSolution
		Debug|Any CPU = Debug|Any CPU
		Release|Any CPU = Release|Any CPU
	EndGlobalSection
	GlobalSection(ProjectConfigurationPlatforms) = postSolution
		{D39F0E80-B6CE-4CA4-8A46-7AA606C6C7D5}.Debug|Any CPU.ActiveCfg = Debug|Any CPU
		{D39F0E80-B6CE-4CA4-8A46-7AA606C6C7D5}.Debug|Any CPU.Build.0 = Debug|Any CPU
		{D39F0E80-B6CE-4CA4-8A46-7AA606C6C7D5}.Release|Any CPU.ActiveCfg = Release|Any CPU
		{D39F0E80-B6CE-4CA4-8A46-7AA606C6C7D5}.Release|Any CPU.Build.0 = Release|Any CPU
	EndGlobalSection
	GlobalSection(SolutionProperties) = preSolution
		HideSolutionNode = FALSE
	EndGlobalSection
	GlobalSection(NestedProjects) = preSolution
		{D39F0E80-B6CE-4CA4-8A46-7AA606C6C7D5} = {C5C7EC1A-3129-4B65-9F06-0688F8AF50F4}
	EndGlobalSection
EndGlobal
